// !$*UTF8*$!
{
	archiveVersion = 1;
	classes = {
	};
	objectVersion = 50;
	objects = {

/* Begin PBXBuildFile section */
		EF2D58E5257A662200C55B12 /* DesignCodeApp.swift in Sources */ = {isa = PBXBuildFile; fileRef = EF2D58E4257A662200C55B12 /* DesignCodeApp.swift */; };
		EF2D58E7257A662200C55B12 /* ContentView.swift in Sources */ = {isa = PBXBuildFile; fileRef = EF2D58E6257A662200C55B12 /* ContentView.swift */; };
		EF2D58E9257A662300C55B12 /* Assets.xcassets in Resources */ = {isa = PBXBuildFile; fileRef = EF2D58E8257A662300C55B12 /* Assets.xcassets */; };
		EF2D58EC257A662300C55B12 /* Preview Assets.xcassets in Resources */ = {isa = PBXBuildFile; fileRef = EF2D58EB257A662300C55B12 /* Preview Assets.xcassets */; };
		EF2D58F7257A662300C55B12 /* DesignCodeTests.swift in Sources */ = {isa = PBXBuildFile; fileRef = EF2D58F6257A662300C55B12 /* DesignCodeTests.swift */; };
		EF2D5902257A662300C55B12 /* DesignCodeUITests.swift in Sources */ = {isa = PBXBuildFile; fileRef = EF2D5901257A662300C55B12 /* DesignCodeUITests.swift */; };
		EF39287525AD8BD3009EBE09 /* MenuView.swift in Sources */ = {isa = PBXBuildFile; fileRef = EF39287425AD8BD3009EBE09 /* MenuView.swift */; };
		EF39287A25AD9DA3009EBE09 /* Home.swift in Sources */ = {isa = PBXBuildFile; fileRef = EF39287925AD9DA3009EBE09 /* Home.swift */; };
		EF44552625AF43F50063A4A7 /* HomeView.swift in Sources */ = {isa = PBXBuildFile; fileRef = EF44552525AF43F50063A4A7 /* HomeView.swift */; };
		EF5019F026120992007C6C0B /* Data.swift in Sources */ = {isa = PBXBuildFile; fileRef = EF5019EF26120992007C6C0B /* Data.swift */; };
		EF5019F526120CCC007C6C0B /* PostList.swift in Sources */ = {isa = PBXBuildFile; fileRef = EF5019F426120CCC007C6C0B /* PostList.swift */; };
		EFA9190425B02AEC00478859 /* UpdateList.swift in Sources */ = {isa = PBXBuildFile; fileRef = EFA9190325B02AEC00478859 /* UpdateList.swift */; };
		EFA9190A25B02F7900478859 /* UpdateDetail.swift in Sources */ = {isa = PBXBuildFile; fileRef = EFA9190925B02F7900478859 /* UpdateDetail.swift */; };
		EFA9190F25B0369100478859 /* UpdateStore.swift in Sources */ = {isa = PBXBuildFile; fileRef = EFA9190E25B0369100478859 /* UpdateStore.swift */; };
		EFA9191425B03B2F00478859 /* TabBar.swift in Sources */ = {isa = PBXBuildFile; fileRef = EFA9191325B03B2F00478859 /* TabBar.swift */; };
		EFA9195625B0600600478859 /* RingView.swift in Sources */ = {isa = PBXBuildFile; fileRef = EFA9195525B0600600478859 /* RingView.swift */; };
		EFCC82EF25BC428A00F4D7ED /* CourseDetail.swift in Sources */ = {isa = PBXBuildFile; fileRef = EFCC82EE25BC428A00F4D7ED /* CourseDetail.swift */; };
		EFDFCB7125B135D20013D43E /* Modifiers.swift in Sources */ = {isa = PBXBuildFile; fileRef = EFDFCB7025B135D20013D43E /* Modifiers.swift */; };
		EFDFCB8D25B13C470013D43E /* WorkSans-VariableFont_wght.ttf in Resources */ = {isa = PBXBuildFile; fileRef = EFDFCB7625B13C470013D43E /* WorkSans-VariableFont_wght.ttf */; };
		EFDFCB8E25B13C470013D43E /* WorkSans-Regular.ttf in Resources */ = {isa = PBXBuildFile; fileRef = EFDFCB7825B13C470013D43E /* WorkSans-Regular.ttf */; };
		EFDFCB8F25B13C470013D43E /* WorkSans-Light.ttf in Resources */ = {isa = PBXBuildFile; fileRef = EFDFCB7925B13C470013D43E /* WorkSans-Light.ttf */; };
		EFDFCB9025B13C470013D43E /* WorkSans-ExtraBold.ttf in Resources */ = {isa = PBXBuildFile; fileRef = EFDFCB7A25B13C470013D43E /* WorkSans-ExtraBold.ttf */; };
		EFDFCB9125B13C470013D43E /* WorkSans-SemiBoldItalic.ttf in Resources */ = {isa = PBXBuildFile; fileRef = EFDFCB7B25B13C470013D43E /* WorkSans-SemiBoldItalic.ttf */; };
		EFDFCB9225B13C470013D43E /* WorkSans-MediumItalic.ttf in Resources */ = {isa = PBXBuildFile; fileRef = EFDFCB7C25B13C470013D43E /* WorkSans-MediumItalic.ttf */; };
		EFDFCB9325B13C470013D43E /* WorkSans-BoldItalic.ttf in Resources */ = {isa = PBXBuildFile; fileRef = EFDFCB7D25B13C470013D43E /* WorkSans-BoldItalic.ttf */; };
		EFDFCB9425B13C470013D43E /* WorkSans-ExtraLight.ttf in Resources */ = {isa = PBXBuildFile; fileRef = EFDFCB7E25B13C470013D43E /* WorkSans-ExtraLight.ttf */; };
		EFDFCB9525B13C470013D43E /* WorkSans-ThinItalic.ttf in Resources */ = {isa = PBXBuildFile; fileRef = EFDFCB7F25B13C470013D43E /* WorkSans-ThinItalic.ttf */; };
		EFDFCB9625B13C470013D43E /* WorkSans-ExtraLightItalic.ttf in Resources */ = {isa = PBXBuildFile; fileRef = EFDFCB8025B13C470013D43E /* WorkSans-ExtraLightItalic.ttf */; };
		EFDFCB9725B13C470013D43E /* WorkSans-Medium.ttf in Resources */ = {isa = PBXBuildFile; fileRef = EFDFCB8125B13C470013D43E /* WorkSans-Medium.ttf */; };
		EFDFCB9825B13C470013D43E /* WorkSans-SemiBold.ttf in Resources */ = {isa = PBXBuildFile; fileRef = EFDFCB8225B13C470013D43E /* WorkSans-SemiBold.ttf */; };
		EFDFCB9925B13C470013D43E /* WorkSans-Italic.ttf in Resources */ = {isa = PBXBuildFile; fileRef = EFDFCB8325B13C470013D43E /* WorkSans-Italic.ttf */; };
		EFDFCB9A25B13C470013D43E /* WorkSans-BlackItalic.ttf in Resources */ = {isa = PBXBuildFile; fileRef = EFDFCB8425B13C470013D43E /* WorkSans-BlackItalic.ttf */; };
		EFDFCB9B25B13C470013D43E /* WorkSans-Thin.ttf in Resources */ = {isa = PBXBuildFile; fileRef = EFDFCB8525B13C470013D43E /* WorkSans-Thin.ttf */; };
		EFDFCB9C25B13C470013D43E /* WorkSans-Black.ttf in Resources */ = {isa = PBXBuildFile; fileRef = EFDFCB8625B13C470013D43E /* WorkSans-Black.ttf */; };
		EFDFCB9D25B13C470013D43E /* WorkSans-LightItalic.ttf in Resources */ = {isa = PBXBuildFile; fileRef = EFDFCB8725B13C470013D43E /* WorkSans-LightItalic.ttf */; };
		EFDFCB9E25B13C470013D43E /* WorkSans-ExtraBoldItalic.ttf in Resources */ = {isa = PBXBuildFile; fileRef = EFDFCB8825B13C470013D43E /* WorkSans-ExtraBoldItalic.ttf */; };
		EFDFCB9F25B13C470013D43E /* WorkSans-Bold.ttf in Resources */ = {isa = PBXBuildFile; fileRef = EFDFCB8925B13C470013D43E /* WorkSans-Bold.ttf */; };
		EFDFCBA025B13C470013D43E /* WorkSans-Italic-VariableFont_wght.ttf in Resources */ = {isa = PBXBuildFile; fileRef = EFDFCB8A25B13C470013D43E /* WorkSans-Italic-VariableFont_wght.ttf */; };
		EFDFCBA125B13C470013D43E /* OFL.txt in Resources */ = {isa = PBXBuildFile; fileRef = EFDFCB8B25B13C470013D43E /* OFL.txt */; };
		EFDFCBA225B13C480013D43E /* README.txt in Resources */ = {isa = PBXBuildFile; fileRef = EFDFCB8C25B13C470013D43E /* README.txt */; };
		EFFFC52425B55FF200D089CA /* CourseList.swift in Sources */ = {isa = PBXBuildFile; fileRef = EFFFC52325B55FF200D089CA /* CourseList.swift */; };
/* End PBXBuildFile section */

/* Begin PBXContainerItemProxy section */
		EF2D58F3257A662300C55B12 /* PBXContainerItemProxy */ = {
			isa = PBXContainerItemProxy;
			containerPortal = EF2D58D9257A662200C55B12 /* Project object */;
			proxyType = 1;
			remoteGlobalIDString = EF2D58E0257A662200C55B12;
			remoteInfo = DesignCode;
		};
		EF2D58FE257A662300C55B12 /* PBXContainerItemProxy */ = {
			isa = PBXContainerItemProxy;
			containerPortal = EF2D58D9257A662200C55B12 /* Project object */;
			proxyType = 1;
			remoteGlobalIDString = EF2D58E0257A662200C55B12;
			remoteInfo = DesignCode;
		};
/* End PBXContainerItemProxy section */

/* Begin PBXFileReference section */
		EF2D58E1257A662200C55B12 /* DesignCode.app */ = {isa = PBXFileReference; explicitFileType = wrapper.application; includeInIndex = 0; path = DesignCode.app; sourceTree = BUILT_PRODUCTS_DIR; };
		EF2D58E4257A662200C55B12 /* DesignCodeApp.swift */ = {isa = PBXFileReference; lastKnownFileType = sourcecode.swift; path = DesignCodeApp.swift; sourceTree = "<group>"; };
		EF2D58E6257A662200C55B12 /* ContentView.swift */ = {isa = PBXFileReference; lastKnownFileType = sourcecode.swift; path = ContentView.swift; sourceTree = "<group>"; };
		EF2D58E8257A662300C55B12 /* Assets.xcassets */ = {isa = PBXFileReference; lastKnownFileType = folder.assetcatalog; path = Assets.xcassets; sourceTree = "<group>"; };
		EF2D58EB257A662300C55B12 /* Preview Assets.xcassets */ = {isa = PBXFileReference; lastKnownFileType = folder.assetcatalog; path = "Preview Assets.xcassets"; sourceTree = "<group>"; };
		EF2D58ED257A662300C55B12 /* Info.plist */ = {isa = PBXFileReference; lastKnownFileType = text.plist.xml; path = Info.plist; sourceTree = "<group>"; };
		EF2D58F2257A662300C55B12 /* DesignCodeTests.xctest */ = {isa = PBXFileReference; explicitFileType = wrapper.cfbundle; includeInIndex = 0; path = DesignCodeTests.xctest; sourceTree = BUILT_PRODUCTS_DIR; };
		EF2D58F6257A662300C55B12 /* DesignCodeTests.swift */ = {isa = PBXFileReference; lastKnownFileType = sourcecode.swift; path = DesignCodeTests.swift; sourceTree = "<group>"; };
		EF2D58F8257A662300C55B12 /* Info.plist */ = {isa = PBXFileReference; lastKnownFileType = text.plist.xml; path = Info.plist; sourceTree = "<group>"; };
		EF2D58FD257A662300C55B12 /* DesignCodeUITests.xctest */ = {isa = PBXFileReference; explicitFileType = wrapper.cfbundle; includeInIndex = 0; path = DesignCodeUITests.xctest; sourceTree = BUILT_PRODUCTS_DIR; };
		EF2D5901257A662300C55B12 /* DesignCodeUITests.swift */ = {isa = PBXFileReference; lastKnownFileType = sourcecode.swift; path = DesignCodeUITests.swift; sourceTree = "<group>"; };
		EF2D5903257A662300C55B12 /* Info.plist */ = {isa = PBXFileReference; lastKnownFileType = text.plist.xml; path = Info.plist; sourceTree = "<group>"; };
		EF39287425AD8BD3009EBE09 /* MenuView.swift */ = {isa = PBXFileReference; lastKnownFileType = sourcecode.swift; path = MenuView.swift; sourceTree = "<group>"; };
		EF39287925AD9DA3009EBE09 /* Home.swift */ = {isa = PBXFileReference; lastKnownFileType = sourcecode.swift; path = Home.swift; sourceTree = "<group>"; };
		EF44552525AF43F50063A4A7 /* HomeView.swift */ = {isa = PBXFileReference; lastKnownFileType = sourcecode.swift; path = HomeView.swift; sourceTree = "<group>"; };
		EF5019EF26120992007C6C0B /* Data.swift */ = {isa = PBXFileReference; lastKnownFileType = sourcecode.swift; path = Data.swift; sourceTree = "<group>"; };
		EF5019F426120CCC007C6C0B /* PostList.swift */ = {isa = PBXFileReference; lastKnownFileType = sourcecode.swift; path = PostList.swift; sourceTree = "<group>"; };
		EFA9190325B02AEC00478859 /* UpdateList.swift */ = {isa = PBXFileReference; lastKnownFileType = sourcecode.swift; path = UpdateList.swift; sourceTree = "<group>"; };
		EFA9190925B02F7900478859 /* UpdateDetail.swift */ = {isa = PBXFileReference; lastKnownFileType = sourcecode.swift; path = UpdateDetail.swift; sourceTree = "<group>"; };
		EFA9190E25B0369100478859 /* UpdateStore.swift */ = {isa = PBXFileReference; lastKnownFileType = sourcecode.swift; path = UpdateStore.swift; sourceTree = "<group>"; };
		EFA9191325B03B2F00478859 /* TabBar.swift */ = {isa = PBXFileReference; lastKnownFileType = sourcecode.swift; path = TabBar.swift; sourceTree = "<group>"; };
		EFA9195525B0600600478859 /* RingView.swift */ = {isa = PBXFileReference; lastKnownFileType = sourcecode.swift; path = RingView.swift; sourceTree = "<group>"; };
		EFCC82EE25BC428A00F4D7ED /* CourseDetail.swift */ = {isa = PBXFileReference; lastKnownFileType = sourcecode.swift; path = CourseDetail.swift; sourceTree = "<group>"; };
		EFDFCB7025B135D20013D43E /* Modifiers.swift */ = {isa = PBXFileReference; lastKnownFileType = sourcecode.swift; path = Modifiers.swift; sourceTree = "<group>"; };
		EFDFCB7625B13C470013D43E /* WorkSans-VariableFont_wght.ttf */ = {isa = PBXFileReference; lastKnownFileType = file; path = "WorkSans-VariableFont_wght.ttf"; sourceTree = "<group>"; };
		EFDFCB7825B13C470013D43E /* WorkSans-Regular.ttf */ = {isa = PBXFileReference; lastKnownFileType = file; path = "WorkSans-Regular.ttf"; sourceTree = "<group>"; };
		EFDFCB7925B13C470013D43E /* WorkSans-Light.ttf */ = {isa = PBXFileReference; lastKnownFileType = file; path = "WorkSans-Light.ttf"; sourceTree = "<group>"; };
		EFDFCB7A25B13C470013D43E /* WorkSans-ExtraBold.ttf */ = {isa = PBXFileReference; lastKnownFileType = file; path = "WorkSans-ExtraBold.ttf"; sourceTree = "<group>"; };
		EFDFCB7B25B13C470013D43E /* WorkSans-SemiBoldItalic.ttf */ = {isa = PBXFileReference; lastKnownFileType = file; path = "WorkSans-SemiBoldItalic.ttf"; sourceTree = "<group>"; };
		EFDFCB7C25B13C470013D43E /* WorkSans-MediumItalic.ttf */ = {isa = PBXFileReference; lastKnownFileType = file; path = "WorkSans-MediumItalic.ttf"; sourceTree = "<group>"; };
		EFDFCB7D25B13C470013D43E /* WorkSans-BoldItalic.ttf */ = {isa = PBXFileReference; lastKnownFileType = file; path = "WorkSans-BoldItalic.ttf"; sourceTree = "<group>"; };
		EFDFCB7E25B13C470013D43E /* WorkSans-ExtraLight.ttf */ = {isa = PBXFileReference; lastKnownFileType = file; path = "WorkSans-ExtraLight.ttf"; sourceTree = "<group>"; };
		EFDFCB7F25B13C470013D43E /* WorkSans-ThinItalic.ttf */ = {isa = PBXFileReference; lastKnownFileType = file; path = "WorkSans-ThinItalic.ttf"; sourceTree = "<group>"; };
		EFDFCB8025B13C470013D43E /* WorkSans-ExtraLightItalic.ttf */ = {isa = PBXFileReference; lastKnownFileType = file; path = "WorkSans-ExtraLightItalic.ttf"; sourceTree = "<group>"; };
		EFDFCB8125B13C470013D43E /* WorkSans-Medium.ttf */ = {isa = PBXFileReference; lastKnownFileType = file; path = "WorkSans-Medium.ttf"; sourceTree = "<group>"; };
		EFDFCB8225B13C470013D43E /* WorkSans-SemiBold.ttf */ = {isa = PBXFileReference; lastKnownFileType = file; path = "WorkSans-SemiBold.ttf"; sourceTree = "<group>"; };
		EFDFCB8325B13C470013D43E /* WorkSans-Italic.ttf */ = {isa = PBXFileReference; lastKnownFileType = file; path = "WorkSans-Italic.ttf"; sourceTree = "<group>"; };
		EFDFCB8425B13C470013D43E /* WorkSans-BlackItalic.ttf */ = {isa = PBXFileReference; lastKnownFileType = file; path = "WorkSans-BlackItalic.ttf"; sourceTree = "<group>"; };
		EFDFCB8525B13C470013D43E /* WorkSans-Thin.ttf */ = {isa = PBXFileReference; lastKnownFileType = file; path = "WorkSans-Thin.ttf"; sourceTree = "<group>"; };
		EFDFCB8625B13C470013D43E /* WorkSans-Black.ttf */ = {isa = PBXFileReference; lastKnownFileType = file; path = "WorkSans-Black.ttf"; sourceTree = "<group>"; };
		EFDFCB8725B13C470013D43E /* WorkSans-LightItalic.ttf */ = {isa = PBXFileReference; lastKnownFileType = file; path = "WorkSans-LightItalic.ttf"; sourceTree = "<group>"; };
		EFDFCB8825B13C470013D43E /* WorkSans-ExtraBoldItalic.ttf */ = {isa = PBXFileReference; lastKnownFileType = file; path = "WorkSans-ExtraBoldItalic.ttf"; sourceTree = "<group>"; };
		EFDFCB8925B13C470013D43E /* WorkSans-Bold.ttf */ = {isa = PBXFileReference; lastKnownFileType = file; path = "WorkSans-Bold.ttf"; sourceTree = "<group>"; };
		EFDFCB8A25B13C470013D43E /* WorkSans-Italic-VariableFont_wght.ttf */ = {isa = PBXFileReference; lastKnownFileType = file; path = "WorkSans-Italic-VariableFont_wght.ttf"; sourceTree = "<group>"; };
		EFDFCB8B25B13C470013D43E /* OFL.txt */ = {isa = PBXFileReference; fileEncoding = 4; lastKnownFileType = text; path = OFL.txt; sourceTree = "<group>"; };
		EFDFCB8C25B13C470013D43E /* README.txt */ = {isa = PBXFileReference; fileEncoding = 4; lastKnownFileType = text; path = README.txt; sourceTree = "<group>"; };
		EFFFC52325B55FF200D089CA /* CourseList.swift */ = {isa = PBXFileReference; lastKnownFileType = sourcecode.swift; path = CourseList.swift; sourceTree = "<group>"; };
/* End PBXFileReference section */

/* Begin PBXFrameworksBuildPhase section */
		EF2D58DE257A662200C55B12 /* Frameworks */ = {
			isa = PBXFrameworksBuildPhase;
			buildActionMask = 2147483647;
			files = (
			);
			runOnlyForDeploymentPostprocessing = 0;
		};
		EF2D58EF257A662300C55B12 /* Frameworks */ = {
			isa = PBXFrameworksBuildPhase;
			buildActionMask = 2147483647;
			files = (
			);
			runOnlyForDeploymentPostprocessing = 0;
		};
		EF2D58FA257A662300C55B12 /* Frameworks */ = {
			isa = PBXFrameworksBuildPhase;
			buildActionMask = 2147483647;
			files = (
			);
			runOnlyForDeploymentPostprocessing = 0;
		};
/* End PBXFrameworksBuildPhase section */

/* Begin PBXGroup section */
		EF2D58D8257A662200C55B12 = {
			isa = PBXGroup;
			children = (
				EF2D58E3257A662200C55B12 /* DesignCode */,
				EF2D58F5257A662300C55B12 /* DesignCodeTests */,
				EF2D5900257A662300C55B12 /* DesignCodeUITests */,
				EF2D58E2257A662200C55B12 /* Products */,
			);
			sourceTree = "<group>";
		};
		EF2D58E2257A662200C55B12 /* Products */ = {
			isa = PBXGroup;
			children = (
				EF2D58E1257A662200C55B12 /* DesignCode.app */,
				EF2D58F2257A662300C55B12 /* DesignCodeTests.xctest */,
				EF2D58FD257A662300C55B12 /* DesignCodeUITests.xctest */,
			);
			name = Products;
			sourceTree = "<group>";
		};
		EF2D58E3257A662200C55B12 /* DesignCode */ = {
			isa = PBXGroup;
			children = (
				EF2D58E4257A662200C55B12 /* DesignCodeApp.swift */,
				EF2D58E6257A662200C55B12 /* ContentView.swift */,
				EFA9195525B0600600478859 /* RingView.swift */,
				EFDFCB7025B135D20013D43E /* Modifiers.swift */,
				EF39287425AD8BD3009EBE09 /* MenuView.swift */,
				EF39287925AD9DA3009EBE09 /* Home.swift */,
				EF44552525AF43F50063A4A7 /* HomeView.swift */,
				EFFFC52325B55FF200D089CA /* CourseList.swift */,
				EFCC82EE25BC428A00F4D7ED /* CourseDetail.swift */,
				EFA9190325B02AEC00478859 /* UpdateList.swift */,
				EFA9190925B02F7900478859 /* UpdateDetail.swift */,
				EFA9190E25B0369100478859 /* UpdateStore.swift */,
				EF5019EF26120992007C6C0B /* Data.swift */,
				EF5019F426120CCC007C6C0B /* PostList.swift */,
				EFA9191325B03B2F00478859 /* TabBar.swift */,
				EF2D58E8257A662300C55B12 /* Assets.xcassets */,
				EFDFCB7525B13C470013D43E /* Work_Sans */,
				EF2D58ED257A662300C55B12 /* Info.plist */,
				EF2D58EA257A662300C55B12 /* Preview Content */,
			);
			path = DesignCode;
			sourceTree = "<group>";
		};
		EF2D58EA257A662300C55B12 /* Preview Content */ = {
			isa = PBXGroup;
			children = (
				EF2D58EB257A662300C55B12 /* Preview Assets.xcassets */,
			);
			path = "Preview Content";
			sourceTree = "<group>";
		};
		EF2D58F5257A662300C55B12 /* DesignCodeTests */ = {
			isa = PBXGroup;
			children = (
				EF2D58F6257A662300C55B12 /* DesignCodeTests.swift */,
				EF2D58F8257A662300C55B12 /* Info.plist */,
			);
			path = DesignCodeTests;
			sourceTree = "<group>";
		};
		EF2D5900257A662300C55B12 /* DesignCodeUITests */ = {
			isa = PBXGroup;
			children = (
				EF2D5901257A662300C55B12 /* DesignCodeUITests.swift */,
				EF2D5903257A662300C55B12 /* Info.plist */,
			);
			path = DesignCodeUITests;
			sourceTree = "<group>";
		};
		EFDFCB7525B13C470013D43E /* Work_Sans */ = {
			isa = PBXGroup;
			children = (
				EFDFCB7625B13C470013D43E /* WorkSans-VariableFont_wght.ttf */,
				EFDFCB7725B13C470013D43E /* static */,
				EFDFCB8A25B13C470013D43E /* WorkSans-Italic-VariableFont_wght.ttf */,
				EFDFCB8B25B13C470013D43E /* OFL.txt */,
				EFDFCB8C25B13C470013D43E /* README.txt */,
			);
			path = Work_Sans;
			sourceTree = "<group>";
		};
		EFDFCB7725B13C470013D43E /* static */ = {
			isa = PBXGroup;
			children = (
				EFDFCB7825B13C470013D43E /* WorkSans-Regular.ttf */,
				EFDFCB7925B13C470013D43E /* WorkSans-Light.ttf */,
				EFDFCB7A25B13C470013D43E /* WorkSans-ExtraBold.ttf */,
				EFDFCB7B25B13C470013D43E /* WorkSans-SemiBoldItalic.ttf */,
				EFDFCB7C25B13C470013D43E /* WorkSans-MediumItalic.ttf */,
				EFDFCB7D25B13C470013D43E /* WorkSans-BoldItalic.ttf */,
				EFDFCB7E25B13C470013D43E /* WorkSans-ExtraLight.ttf */,
				EFDFCB7F25B13C470013D43E /* WorkSans-ThinItalic.ttf */,
				EFDFCB8025B13C470013D43E /* WorkSans-ExtraLightItalic.ttf */,
				EFDFCB8125B13C470013D43E /* WorkSans-Medium.ttf */,
				EFDFCB8225B13C470013D43E /* WorkSans-SemiBold.ttf */,
				EFDFCB8325B13C470013D43E /* WorkSans-Italic.ttf */,
				EFDFCB8425B13C470013D43E /* WorkSans-BlackItalic.ttf */,
				EFDFCB8525B13C470013D43E /* WorkSans-Thin.ttf */,
				EFDFCB8625B13C470013D43E /* WorkSans-Black.ttf */,
				EFDFCB8725B13C470013D43E /* WorkSans-LightItalic.ttf */,
				EFDFCB8825B13C470013D43E /* WorkSans-ExtraBoldItalic.ttf */,
				EFDFCB8925B13C470013D43E /* WorkSans-Bold.ttf */,
			);
			path = static;
			sourceTree = "<group>";
		};
/* End PBXGroup section */

/* Begin PBXNativeTarget section */
		EF2D58E0257A662200C55B12 /* DesignCode */ = {
			isa = PBXNativeTarget;
			buildConfigurationList = EF2D5906257A662300C55B12 /* Build configuration list for PBXNativeTarget "DesignCode" */;
			buildPhases = (
				EF2D58DD257A662200C55B12 /* Sources */,
				EF2D58DE257A662200C55B12 /* Frameworks */,
				EF2D58DF257A662200C55B12 /* Resources */,
			);
			buildRules = (
			);
			dependencies = (
			);
			name = DesignCode;
			productName = DesignCode;
			productReference = EF2D58E1257A662200C55B12 /* DesignCode.app */;
			productType = "com.apple.product-type.application";
		};
		EF2D58F1257A662300C55B12 /* DesignCodeTests */ = {
			isa = PBXNativeTarget;
			buildConfigurationList = EF2D5909257A662300C55B12 /* Build configuration list for PBXNativeTarget "DesignCodeTests" */;
			buildPhases = (
				EF2D58EE257A662300C55B12 /* Sources */,
				EF2D58EF257A662300C55B12 /* Frameworks */,
				EF2D58F0257A662300C55B12 /* Resources */,
			);
			buildRules = (
			);
			dependencies = (
				EF2D58F4257A662300C55B12 /* PBXTargetDependency */,
			);
			name = DesignCodeTests;
			productName = DesignCodeTests;
			productReference = EF2D58F2257A662300C55B12 /* DesignCodeTests.xctest */;
			productType = "com.apple.product-type.bundle.unit-test";
		};
		EF2D58FC257A662300C55B12 /* DesignCodeUITests */ = {
			isa = PBXNativeTarget;
			buildConfigurationList = EF2D590C257A662300C55B12 /* Build configuration list for PBXNativeTarget "DesignCodeUITests" */;
			buildPhases = (
				EF2D58F9257A662300C55B12 /* Sources */,
				EF2D58FA257A662300C55B12 /* Frameworks */,
				EF2D58FB257A662300C55B12 /* Resources */,
			);
			buildRules = (
			);
			dependencies = (
				EF2D58FF257A662300C55B12 /* PBXTargetDependency */,
			);
			name = DesignCodeUITests;
			productName = DesignCodeUITests;
			productReference = EF2D58FD257A662300C55B12 /* DesignCodeUITests.xctest */;
			productType = "com.apple.product-type.bundle.ui-testing";
		};
/* End PBXNativeTarget section */

/* Begin PBXProject section */
		EF2D58D9257A662200C55B12 /* Project object */ = {
			isa = PBXProject;
			attributes = {
				LastSwiftUpdateCheck = 1220;
				LastUpgradeCheck = 1220;
				TargetAttributes = {
					EF2D58E0257A662200C55B12 = {
						CreatedOnToolsVersion = 12.2;
					};
					EF2D58F1257A662300C55B12 = {
						CreatedOnToolsVersion = 12.2;
						TestTargetID = EF2D58E0257A662200C55B12;
					};
					EF2D58FC257A662300C55B12 = {
						CreatedOnToolsVersion = 12.2;
						TestTargetID = EF2D58E0257A662200C55B12;
					};
				};
			};
			buildConfigurationList = EF2D58DC257A662200C55B12 /* Build configuration list for PBXProject "DesignCode" */;
			compatibilityVersion = "Xcode 9.3";
			developmentRegion = en;
			hasScannedForEncodings = 0;
			knownRegions = (
				en,
				Base,
			);
			mainGroup = EF2D58D8257A662200C55B12;
			productRefGroup = EF2D58E2257A662200C55B12 /* Products */;
			projectDirPath = "";
			projectRoot = "";
			targets = (
				EF2D58E0257A662200C55B12 /* DesignCode */,
				EF2D58F1257A662300C55B12 /* DesignCodeTests */,
				EF2D58FC257A662300C55B12 /* DesignCodeUITests */,
			);
		};
/* End PBXProject section */

/* Begin PBXResourcesBuildPhase section */
		EF2D58DF257A662200C55B12 /* Resources */ = {
			isa = PBXResourcesBuildPhase;
			buildActionMask = 2147483647;
			files = (
				EFDFCB9D25B13C470013D43E /* WorkSans-LightItalic.ttf in Resources */,
				EF2D58EC257A662300C55B12 /* Preview Assets.xcassets in Resources */,
				EFDFCB9325B13C470013D43E /* WorkSans-BoldItalic.ttf in Resources */,
				EFDFCB9525B13C470013D43E /* WorkSans-ThinItalic.ttf in Resources */,
				EFDFCB9225B13C470013D43E /* WorkSans-MediumItalic.ttf in Resources */,
				EFDFCB9625B13C470013D43E /* WorkSans-ExtraLightItalic.ttf in Resources */,
				EF2D58E9257A662300C55B12 /* Assets.xcassets in Resources */,
				EFDFCB9125B13C470013D43E /* WorkSans-SemiBoldItalic.ttf in Resources */,
				EFDFCB9E25B13C470013D43E /* WorkSans-ExtraBoldItalic.ttf in Resources */,
				EFDFCB8D25B13C470013D43E /* WorkSans-VariableFont_wght.ttf in Resources */,
				EFDFCB9B25B13C470013D43E /* WorkSans-Thin.ttf in Resources */,
				EFDFCB9425B13C470013D43E /* WorkSans-ExtraLight.ttf in Resources */,
				EFDFCBA125B13C470013D43E /* OFL.txt in Resources */,
				EFDFCB9825B13C470013D43E /* WorkSans-SemiBold.ttf in Resources */,
				EFDFCB8E25B13C470013D43E /* WorkSans-Regular.ttf in Resources */,
				EFDFCB9C25B13C470013D43E /* WorkSans-Black.ttf in Resources */,
				EFDFCB9025B13C470013D43E /* WorkSans-ExtraBold.ttf in Resources */,
				EFDFCB9A25B13C470013D43E /* WorkSans-BlackItalic.ttf in Resources */,
				EFDFCBA025B13C470013D43E /* WorkSans-Italic-VariableFont_wght.ttf in Resources */,
				EFDFCB9725B13C470013D43E /* WorkSans-Medium.ttf in Resources */,
				EFDFCB9925B13C470013D43E /* WorkSans-Italic.ttf in Resources */,
				EFDFCB8F25B13C470013D43E /* WorkSans-Light.ttf in Resources */,
				EFDFCBA225B13C480013D43E /* README.txt in Resources */,
				EFDFCB9F25B13C470013D43E /* WorkSans-Bold.ttf in Resources */,
			);
			runOnlyForDeploymentPostprocessing = 0;
		};
		EF2D58F0257A662300C55B12 /* Resources */ = {
			isa = PBXResourcesBuildPhase;
			buildActionMask = 2147483647;
			files = (
			);
			runOnlyForDeploymentPostprocessing = 0;
		};
		EF2D58FB257A662300C55B12 /* Resources */ = {
			isa = PBXResourcesBuildPhase;
			buildActionMask = 2147483647;
			files = (
			);
			runOnlyForDeploymentPostprocessing = 0;
		};
/* End PBXResourcesBuildPhase section */

/* Begin PBXSourcesBuildPhase section */
		EF2D58DD257A662200C55B12 /* Sources */ = {
			isa = PBXSourcesBuildPhase;
			buildActionMask = 2147483647;
			files = (
				EFA9195625B0600600478859 /* RingView.swift in Sources */,
				EF5019F526120CCC007C6C0B /* PostList.swift in Sources */,
				EFDFCB7125B135D20013D43E /* Modifiers.swift in Sources */,
				EFA9191425B03B2F00478859 /* TabBar.swift in Sources */,
				EFA9190A25B02F7900478859 /* UpdateDetail.swift in Sources */,
				EFFFC52425B55FF200D089CA /* CourseList.swift in Sources */,
				EF2D58E7257A662200C55B12 /* ContentView.swift in Sources */,
				EF39287525AD8BD3009EBE09 /* MenuView.swift in Sources */,
				EF5019F026120992007C6C0B /* Data.swift in Sources */,
				EFA9190425B02AEC00478859 /* UpdateList.swift in Sources */,
				EFA9190F25B0369100478859 /* UpdateStore.swift in Sources */,
				EF39287A25AD9DA3009EBE09 /* Home.swift in Sources */,
				EFCC82EF25BC428A00F4D7ED /* CourseDetail.swift in Sources */,
				EF44552625AF43F50063A4A7 /* HomeView.swift in Sources */,
				EF2D58E5257A662200C55B12 /* DesignCodeApp.swift in Sources */,
			);
			runOnlyForDeploymentPostprocessing = 0;
		};
		EF2D58EE257A662300C55B12 /* Sources */ = {
			isa = PBXSourcesBuildPhase;
			buildActionMask = 2147483647;
			files = (
				EF2D58F7257A662300C55B12 /* DesignCodeTests.swift in Sources */,
			);
			runOnlyForDeploymentPostprocessing = 0;
		};
		EF2D58F9257A662300C55B12 /* Sources */ = {
			isa = PBXSourcesBuildPhase;
			buildActionMask = 2147483647;
			files = (
				EF2D5902257A662300C55B12 /* DesignCodeUITests.swift in Sources */,
			);
			runOnlyForDeploymentPostprocessing = 0;
		};
/* End PBXSourcesBuildPhase section */

/* Begin PBXTargetDependency section */
		EF2D58F4257A662300C55B12 /* PBXTargetDependency */ = {
			isa = PBXTargetDependency;
			target = EF2D58E0257A662200C55B12 /* DesignCode */;
			targetProxy = EF2D58F3257A662300C55B12 /* PBXContainerItemProxy */;
		};
		EF2D58FF257A662300C55B12 /* PBXTargetDependency */ = {
			isa = PBXTargetDependency;
			target = EF2D58E0257A662200C55B12 /* DesignCode */;
			targetProxy = EF2D58FE257A662300C55B12 /* PBXContainerItemProxy */;
		};
/* End PBXTargetDependency section */

/* Begin XCBuildConfiguration section */
		EF2D5904257A662300C55B12 /* Debug */ = {
			isa = XCBuildConfiguration;
			buildSettings = {
				ALWAYS_SEARCH_USER_PATHS = NO;
				CLANG_ANALYZER_NONNULL = YES;
				CLANG_ANALYZER_NUMBER_OBJECT_CONVERSION = YES_AGGRESSIVE;
				CLANG_CXX_LANGUAGE_STANDARD = "gnu++14";
				CLANG_CXX_LIBRARY = "libc++";
				CLANG_ENABLE_MODULES = YES;
				CLANG_ENABLE_OBJC_ARC = YES;
				CLANG_ENABLE_OBJC_WEAK = YES;
				CLANG_WARN_BLOCK_CAPTURE_AUTORELEASING = YES;
				CLANG_WARN_BOOL_CONVERSION = YES;
				CLANG_WARN_COMMA = YES;
				CLANG_WARN_CONSTANT_CONVERSION = YES;
				CLANG_WARN_DEPRECATED_OBJC_IMPLEMENTATIONS = YES;
				CLANG_WARN_DIRECT_OBJC_ISA_USAGE = YES_ERROR;
				CLANG_WARN_DOCUMENTATION_COMMENTS = YES;
				CLANG_WARN_EMPTY_BODY = YES;
				CLANG_WARN_ENUM_CONVERSION = YES;
				CLANG_WARN_INFINITE_RECURSION = YES;
				CLANG_WARN_INT_CONVERSION = YES;
				CLANG_WARN_NON_LITERAL_NULL_CONVERSION = YES;
				CLANG_WARN_OBJC_IMPLICIT_RETAIN_SELF = YES;
				CLANG_WARN_OBJC_LITERAL_CONVERSION = YES;
				CLANG_WARN_OBJC_ROOT_CLASS = YES_ERROR;
				CLANG_WARN_QUOTED_INCLUDE_IN_FRAMEWORK_HEADER = YES;
				CLANG_WARN_RANGE_LOOP_ANALYSIS = YES;
				CLANG_WARN_STRICT_PROTOTYPES = YES;
				CLANG_WARN_SUSPICIOUS_MOVE = YES;
				CLANG_WARN_UNGUARDED_AVAILABILITY = YES_AGGRESSIVE;
				CLANG_WARN_UNREACHABLE_CODE = YES;
				CLANG_WARN__DUPLICATE_METHOD_MATCH = YES;
				COPY_PHASE_STRIP = NO;
				DEBUG_INFORMATION_FORMAT = dwarf;
				ENABLE_STRICT_OBJC_MSGSEND = YES;
				ENABLE_TESTABILITY = YES;
				GCC_C_LANGUAGE_STANDARD = gnu11;
				GCC_DYNAMIC_NO_PIC = NO;
				GCC_NO_COMMON_BLOCKS = YES;
				GCC_OPTIMIZATION_LEVEL = 0;
				GCC_PREPROCESSOR_DEFINITIONS = (
					"DEBUG=1",
					"$(inherited)",
				);
				GCC_WARN_64_TO_32_BIT_CONVERSION = YES;
				GCC_WARN_ABOUT_RETURN_TYPE = YES_ERROR;
				GCC_WARN_UNDECLARED_SELECTOR = YES;
				GCC_WARN_UNINITIALIZED_AUTOS = YES_AGGRESSIVE;
				GCC_WARN_UNUSED_FUNCTION = YES;
				GCC_WARN_UNUSED_VARIABLE = YES;
				IPHONEOS_DEPLOYMENT_TARGET = 14.2;
				MTL_ENABLE_DEBUG_INFO = INCLUDE_SOURCE;
				MTL_FAST_MATH = YES;
				ONLY_ACTIVE_ARCH = YES;
				SDKROOT = iphoneos;
				SWIFT_ACTIVE_COMPILATION_CONDITIONS = DEBUG;
				SWIFT_OPTIMIZATION_LEVEL = "-Onone";
			};
			name = Debug;
		};
		EF2D5905257A662300C55B12 /* Release */ = {
			isa = XCBuildConfiguration;
			buildSettings = {
				ALWAYS_SEARCH_USER_PATHS = NO;
				CLANG_ANALYZER_NONNULL = YES;
				CLANG_ANALYZER_NUMBER_OBJECT_CONVERSION = YES_AGGRESSIVE;
				CLANG_CXX_LANGUAGE_STANDARD = "gnu++14";
				CLANG_CXX_LIBRARY = "libc++";
				CLANG_ENABLE_MODULES = YES;
				CLANG_ENABLE_OBJC_ARC = YES;
				CLANG_ENABLE_OBJC_WEAK = YES;
				CLANG_WARN_BLOCK_CAPTURE_AUTORELEASING = YES;
				CLANG_WARN_BOOL_CONVERSION = YES;
				CLANG_WARN_COMMA = YES;
				CLANG_WARN_CONSTANT_CONVERSION = YES;
				CLANG_WARN_DEPRECATED_OBJC_IMPLEMENTATIONS = YES;
				CLANG_WARN_DIRECT_OBJC_ISA_USAGE = YES_ERROR;
				CLANG_WARN_DOCUMENTATION_COMMENTS = YES;
				CLANG_WARN_EMPTY_BODY = YES;
				CLANG_WARN_ENUM_CONVERSION = YES;
				CLANG_WARN_INFINITE_RECURSION = YES;
				CLANG_WARN_INT_CONVERSION = YES;
				CLANG_WARN_NON_LITERAL_NULL_CONVERSION = YES;
				CLANG_WARN_OBJC_IMPLICIT_RETAIN_SELF = YES;
				CLANG_WARN_OBJC_LITERAL_CONVERSION = YES;
				CLANG_WARN_OBJC_ROOT_CLASS = YES_ERROR;
				CLANG_WARN_QUOTED_INCLUDE_IN_FRAMEWORK_HEADER = YES;
				CLANG_WARN_RANGE_LOOP_ANALYSIS = YES;
				CLANG_WARN_STRICT_PROTOTYPES = YES;
				CLANG_WARN_SUSPICIOUS_MOVE = YES;
				CLANG_WARN_UNGUARDED_AVAILABILITY = YES_AGGRESSIVE;
				CLANG_WARN_UNREACHABLE_CODE = YES;
				CLANG_WARN__DUPLICATE_METHOD_MATCH = YES;
				COPY_PHASE_STRIP = NO;
				DEBUG_INFORMATION_FORMAT = "dwarf-with-dsym";
				ENABLE_NS_ASSERTIONS = NO;
				ENABLE_STRICT_OBJC_MSGSEND = YES;
				GCC_C_LANGUAGE_STANDARD = gnu11;
				GCC_NO_COMMON_BLOCKS = YES;
				GCC_WARN_64_TO_32_BIT_CONVERSION = YES;
				GCC_WARN_ABOUT_RETURN_TYPE = YES_ERROR;
				GCC_WARN_UNDECLARED_SELECTOR = YES;
				GCC_WARN_UNINITIALIZED_AUTOS = YES_AGGRESSIVE;
				GCC_WARN_UNUSED_FUNCTION = YES;
				GCC_WARN_UNUSED_VARIABLE = YES;
				IPHONEOS_DEPLOYMENT_TARGET = 14.2;
				MTL_ENABLE_DEBUG_INFO = NO;
				MTL_FAST_MATH = YES;
				SDKROOT = iphoneos;
				SWIFT_COMPILATION_MODE = wholemodule;
				SWIFT_OPTIMIZATION_LEVEL = "-O";
				VALIDATE_PRODUCT = YES;
			};
			name = Release;
		};
		EF2D5907257A662300C55B12 /* Debug */ = {
			isa = XCBuildConfiguration;
			buildSettings = {
				ASSETCATALOG_COMPILER_APPICON_NAME = AppIcon;
				ASSETCATALOG_COMPILER_GLOBAL_ACCENT_COLOR_NAME = AccentColor;
				CODE_SIGN_STYLE = Automatic;
				DEVELOPMENT_ASSET_PATHS = "\"DesignCode/Preview Content\"";
				DEVELOPMENT_TEAM = 93ZH54832U;
				ENABLE_PREVIEWS = YES;
				INFOPLIST_FILE = DesignCode/Info.plist;
				IPHONEOS_DEPLOYMENT_TARGET = 14.0;
				LD_RUNPATH_SEARCH_PATHS = (
					"$(inherited)",
					"@executable_path/Frameworks",
				);
				PRODUCT_BUNDLE_IDENTIFIER = com.oniityann.DesignCode;
				PRODUCT_NAME = "$(TARGET_NAME)";
				SWIFT_VERSION = 5.0;
				TARGETED_DEVICE_FAMILY = "1,2";
			};
			name = Debug;
		};
		EF2D5908257A662300C55B12 /* Release */ = {
			isa = XCBuildConfiguration;
			buildSettings = {
				ASSETCATALOG_COMPILER_APPICON_NAME = AppIcon;
				ASSETCATALOG_COMPILER_GLOBAL_ACCENT_COLOR_NAME = AccentColor;
				CODE_SIGN_STYLE = Automatic;
				DEVELOPMENT_ASSET_PATHS = "\"DesignCode/Preview Content\"";
				DEVELOPMENT_TEAM = 93ZH54832U;
				ENABLE_PREVIEWS = YES;
				INFOPLIST_FILE = DesignCode/Info.plist;
				IPHONEOS_DEPLOYMENT_TARGET = 14.0;
				LD_RUNPATH_SEARCH_PATHS = (
					"$(inherited)",
					"@executable_path/Frameworks",
				);
				PRODUCT_BUNDLE_IDENTIFIER = com.oniityann.DesignCode;
				PRODUCT_NAME = "$(TARGET_NAME)";
				SWIFT_VERSION = 5.0;
				TARGETED_DEVICE_FAMILY = "1,2";
			};
			name = Release;
		};
		EF2D590A257A662300C55B12 /* Debug */ = {
			isa = XCBuildConfiguration;
			buildSettings = {
				ALWAYS_EMBED_SWIFT_STANDARD_LIBRARIES = YES;
				BUNDLE_LOADER = "$(TEST_HOST)";
				CODE_SIGN_STYLE = Automatic;
				DEVELOPMENT_TEAM = 2X34D4D4K6;
				INFOPLIST_FILE = DesignCodeTests/Info.plist;
				IPHONEOS_DEPLOYMENT_TARGET = 14.0;
				LD_RUNPATH_SEARCH_PATHS = (
					"$(inherited)",
					"@executable_path/Frameworks",
					"@loader_path/Frameworks",
				);
				PRODUCT_BUNDLE_IDENTIFIER = com.oniityann.DesignCodeTests;
				PRODUCT_NAME = "$(TARGET_NAME)";
				SWIFT_VERSION = 5.0;
				TARGETED_DEVICE_FAMILY = "1,2";
				TEST_HOST = "$(BUILT_PRODUCTS_DIR)/DesignCode.app/DesignCode";
			};
			name = Debug;
		};
		EF2D590B257A662300C55B12 /* Release */ = {
			isa = XCBuildConfiguration;
			buildSettings = {
				ALWAYS_EMBED_SWIFT_STANDARD_LIBRARIES = YES;
				BUNDLE_LOADER = "$(TEST_HOST)";
				CODE_SIGN_STYLE = Automatic;
				DEVELOPMENT_TEAM = 2X34D4D4K6;
				INFOPLIST_FILE = DesignCodeTests/Info.plist;
				IPHONEOS_DEPLOYMENT_TARGET = 14.0;
				LD_RUNPATH_SEARCH_PATHS = (
					"$(inherited)",
					"@executable_path/Frameworks",
					"@loader_path/Frameworks",
				);
				PRODUCT_BUNDLE_IDENTIFIER = com.oniityann.DesignCodeTests;
				PRODUCT_NAME = "$(TARGET_NAME)";
				SWIFT_VERSION = 5.0;
				TARGETED_DEVICE_FAMILY = "1,2";
				TEST_HOST = "$(BUILT_PRODUCTS_DIR)/DesignCode.app/DesignCode";
			};
			name = Release;
		};
		EF2D590D257A662300C55B12 /* Debug */ = {
			isa = XCBuildConfiguration;
			buildSettings = {
				ALWAYS_EMBED_SWIFT_STANDARD_LIBRARIES = YES;
				CODE_SIGN_STYLE = Automatic;
				DEVELOPMENT_TEAM = 2X34D4D4K6;
				INFOPLIST_FILE = DesignCodeUITests/Info.plist;
				LD_RUNPATH_SEARCH_PATHS = (
					"$(inherited)",
					"@executable_path/Frameworks",
					"@loader_path/Frameworks",
				);
				PRODUCT_BUNDLE_IDENTIFIER = com.oniityann.DesignCodeUITests;
				PRODUCT_NAME = "$(TARGET_NAME)";
				SWIFT_VERSION = 5.0;
				TARGETED_DEVICE_FAMILY = "1,2";
				TEST_TARGET_NAME = DesignCode;
			};
			name = Debug;
		};
		EF2D590E257A662300C55B12 /* Release */ = {
			isa = XCBuildConfiguration;
			buildSettings = {
				ALWAYS_EMBED_SWIFT_STANDARD_LIBRARIES = YES;
				CODE_SIGN_STYLE = Automatic;
				DEVELOPMENT_TEAM = 2X34D4D4K6;
				INFOPLIST_FILE = DesignCodeUITests/Info.plist;
				LD_RUNPATH_SEARCH_PATHS = (
					"$(inherited)",
					"@executable_path/Frameworks",
					"@loader_path/Frameworks",
				);
				PRODUCT_BUNDLE_IDENTIFIER = com.oniityann.DesignCodeUITests;
				PRODUCT_NAME = "$(TARGET_NAME)";
				SWIFT_VERSION = 5.0;
				TARGETED_DEVICE_FAMILY = "1,2";
				TEST_TARGET_NAME = DesignCode;
			};
			name = Release;
		};
/* End XCBuildConfiguration section */

/* Begin XCConfigurationList section */
		EF2D58DC257A662200C55B12 /* Build configuration list for PBXProject "DesignCode" */ = {
			isa = XCConfigurationList;
			buildConfigurations = (
				EF2D5904257A662300C55B12 /* Debug */,
				EF2D5905257A662300C55B12 /* Release */,
			);
			defaultConfigurationIsVisible = 0;
			defaultConfigurationName = Release;
		};
		EF2D5906257A662300C55B12 /* Build configuration list for PBXNativeTarget "DesignCode" */ = {
			isa = XCConfigurationList;
			buildConfigurations = (
				EF2D5907257A662300C55B12 /* Debug */,
				EF2D5908257A662300C55B12 /* Release */,
			);
			defaultConfigurationIsVisible = 0;
			defaultConfigurationName = Release;
		};
		EF2D5909257A662300C55B12 /* Build configuration list for PBXNativeTarget "DesignCodeTests" */ = {
			isa = XCConfigurationList;
			buildConfigurations = (
				EF2D590A257A662300C55B12 /* Debug */,
				EF2D590B257A662300C55B12 /* Release */,
			);
			defaultConfigurationIsVisible = 0;
			defaultConfigurationName = Release;
		};
		EF2D590C257A662300C55B12 /* Build configuration list for PBXNativeTarget "DesignCodeUITests" */ = {
			isa = XCConfigurationList;
			buildConfigurations = (
				EF2D590D257A662300C55B12 /* Debug */,
				EF2D590E257A662300C55B12 /* Release */,
			);
			defaultConfigurationIsVisible = 0;
			defaultConfigurationName = Release;
		};
/* End XCConfigurationList section */
	};
	rootObject = EF2D58D9257A662200C55B12 /* Project object */;
}
